PODS:
  - Sentry (6.0.6):
    - Sentry/Core (= 6.0.6)
  - Sentry/Core (6.0.6)
  - SnapKit (5.0.1)
  - TactileSlider (2.0.1)

DEPENDENCIES:
  - Sentry
  - SnapKit (~> 5.0.0)
  - TactileSlider

SPEC REPOS:
  trunk:
    - Sentry
    - SnapKit
    - TactileSlider

SPEC CHECKSUMS:
  Sentry: 35a49e933ce32992023cd0e810042079e4792682
  SnapKit: 97b92857e3df3a0c71833cce143274bf6ef8e5eb
  TactileSlider: ca211be78178202c89412ed312f73020548f28ca

PODFILE CHECKSUM: 11458c054a994ef47511e63c30082f4fd138a4c1

COCOAPODS: 1.10.0
